// !$*UTF8*$!
{
	archiveVersion = 1;
	classes = {
	};
	objectVersion = 50;
	objects = {

/* Begin PBXBuildFile section */
		1652C50FAE96E1B7DD4E9FC0 /* Pods_FevaTests.framework in Frameworks */ = {isa = PBXBuildFile; fileRef = 1DDBA4DDD9363C2F40A936E1 /* Pods_FevaTests.framework */; };
		7CB93BABBF49A08D56104474 /* Pods_FevaUITests.framework in Frameworks */ = {isa = PBXBuildFile; fileRef = 1E6D535CF92678CDA2511E90 /* Pods_FevaUITests.framework */; };
		9F1A31F1A7FCF5F2F14166B7 /* Pods_Feva.framework in Frameworks */ = {isa = PBXBuildFile; fileRef = 42EBE3014731AABE09BB6771 /* Pods_Feva.framework */; };
		DD33A3A621351F9C005D9CE5 /* OpenSans-LightItalic.ttf in Resources */ = {isa = PBXBuildFile; fileRef = DD33A39C21351F98005D9CE5 /* OpenSans-LightItalic.ttf */; };
		DD33A3A721351F9C005D9CE5 /* OpenSans-Regular.ttf in Resources */ = {isa = PBXBuildFile; fileRef = DD33A39D21351F99005D9CE5 /* OpenSans-Regular.ttf */; };
		DD33A3A821351F9C005D9CE5 /* OpenSans-SemiBold.ttf in Resources */ = {isa = PBXBuildFile; fileRef = DD33A39E21351F99005D9CE5 /* OpenSans-SemiBold.ttf */; };
		DD33A3A921351F9C005D9CE5 /* OpenSans-SemiBoldItalic.ttf in Resources */ = {isa = PBXBuildFile; fileRef = DD33A39F21351F99005D9CE5 /* OpenSans-SemiBoldItalic.ttf */; };
		DD33A3AA21351F9C005D9CE5 /* OpenSans-BoldItalic.ttf in Resources */ = {isa = PBXBuildFile; fileRef = DD33A3A021351F9A005D9CE5 /* OpenSans-BoldItalic.ttf */; };
		DD33A3AB21351F9C005D9CE5 /* OpenSans-ExtraBold.ttf in Resources */ = {isa = PBXBuildFile; fileRef = DD33A3A121351F9A005D9CE5 /* OpenSans-ExtraBold.ttf */; };
		DD33A3AC21351F9C005D9CE5 /* OpenSans-Bold.ttf in Resources */ = {isa = PBXBuildFile; fileRef = DD33A3A221351F9B005D9CE5 /* OpenSans-Bold.ttf */; };
		DD33A3AD21351F9C005D9CE5 /* OpenSans-Italic.ttf in Resources */ = {isa = PBXBuildFile; fileRef = DD33A3A321351F9B005D9CE5 /* OpenSans-Italic.ttf */; };
		DD33A3AE21351F9C005D9CE5 /* OpenSans-ExtraBoldItalic.ttf in Resources */ = {isa = PBXBuildFile; fileRef = DD33A3A421351F9C005D9CE5 /* OpenSans-ExtraBoldItalic.ttf */; };
		DD33A3AF21351F9C005D9CE5 /* OpenSans-Light.ttf in Resources */ = {isa = PBXBuildFile; fileRef = DD33A3A521351F9C005D9CE5 /* OpenSans-Light.ttf */; };
		DD33A3B621352020005D9CE5 /* FontNames.swift in Sources */ = {isa = PBXBuildFile; fileRef = DD33A3B12135201F005D9CE5 /* FontNames.swift */; };
		DD33A3B721352020005D9CE5 /* Colors.swift in Sources */ = {isa = PBXBuildFile; fileRef = DD33A3B22135201F005D9CE5 /* Colors.swift */; };
		DD33A3B821352020005D9CE5 /* Alerts.swift in Sources */ = {isa = PBXBuildFile; fileRef = DD33A3B32135201F005D9CE5 /* Alerts.swift */; };
		DD33A3B921352020005D9CE5 /* RGB.swift in Sources */ = {isa = PBXBuildFile; fileRef = DD33A3B421352020005D9CE5 /* RGB.swift */; };
		DD33A3BA21352020005D9CE5 /* DarkOverLay.swift in Sources */ = {isa = PBXBuildFile; fileRef = DD33A3B521352020005D9CE5 /* DarkOverLay.swift */; };
		DD33A3BF21352082005D9CE5 /* EnterCodeViewController.swift in Sources */ = {isa = PBXBuildFile; fileRef = DD33A3BB21352080005D9CE5 /* EnterCodeViewController.swift */; };
		DD33A3C021352082005D9CE5 /* LogInViewController.swift in Sources */ = {isa = PBXBuildFile; fileRef = DD33A3BC21352081005D9CE5 /* LogInViewController.swift */; };
		DD33A3C121352082005D9CE5 /* SignUpViewController.swift in Sources */ = {isa = PBXBuildFile; fileRef = DD33A3BD21352081005D9CE5 /* SignUpViewController.swift */; };
		DD33A3C221352082005D9CE5 /* VerifyPhoneViewController.swift in Sources */ = {isa = PBXBuildFile; fileRef = DD33A3BE21352082005D9CE5 /* VerifyPhoneViewController.swift */; };
		DD33A3C4213520C6005D9CE5 /* OptimizedFont.swift in Sources */ = {isa = PBXBuildFile; fileRef = DD33A3C3213520C6005D9CE5 /* OptimizedFont.swift */; };
		DD33A3C6213520E9005D9CE5 /* Extensions.swift in Sources */ = {isa = PBXBuildFile; fileRef = DD33A3C5213520E9005D9CE5 /* Extensions.swift */; };
		DD33A3CA21352135005D9CE5 /* BaseLabel.swift in Sources */ = {isa = PBXBuildFile; fileRef = DD33A3C721352134005D9CE5 /* BaseLabel.swift */; };
		DD33A3CB21352135005D9CE5 /* BaseUIView.swift in Sources */ = {isa = PBXBuildFile; fileRef = DD33A3C821352134005D9CE5 /* BaseUIView.swift */; };
		DD33A3CC21352135005D9CE5 /* BaseImageView.swift in Sources */ = {isa = PBXBuildFile; fileRef = DD33A3C921352135005D9CE5 /* BaseImageView.swift */; };
		DD33A3CE21352162005D9CE5 /* CustomAlertsView.swift in Sources */ = {isa = PBXBuildFile; fileRef = DD33A3CD21352162005D9CE5 /* CustomAlertsView.swift */; };
		DD33A3D021352178005D9CE5 /* CustomTabBarController.swift in Sources */ = {isa = PBXBuildFile; fileRef = DD33A3CF21352178005D9CE5 /* CustomTabBarController.swift */; };
		DD33A3D2213521AA005D9CE5 /* MyConstraints.swift in Sources */ = {isa = PBXBuildFile; fileRef = DD33A3D1213521AA005D9CE5 /* MyConstraints.swift */; };
		DDE84B922134F31E00B57A34 /* AppDelegate.swift in Sources */ = {isa = PBXBuildFile; fileRef = DDE84B912134F31E00B57A34 /* AppDelegate.swift */; };
		DDE84B9A2134F31E00B57A34 /* Feva.xcdatamodeld in Sources */ = {isa = PBXBuildFile; fileRef = DDE84B982134F31E00B57A34 /* Feva.xcdatamodeld */; };
		DDE84B9C2134F31F00B57A34 /* Assets.xcassets in Resources */ = {isa = PBXBuildFile; fileRef = DDE84B9B2134F31F00B57A34 /* Assets.xcassets */; };
		DDE84B9F2134F31F00B57A34 /* LaunchScreen.storyboard in Resources */ = {isa = PBXBuildFile; fileRef = DDE84B9D2134F31F00B57A34 /* LaunchScreen.storyboard */; };
		DDE84BAA2134F31F00B57A34 /* FevaTests.swift in Sources */ = {isa = PBXBuildFile; fileRef = DDE84BA92134F31F00B57A34 /* FevaTests.swift */; };
		DDE84BB52134F31F00B57A34 /* FevaUITests.swift in Sources */ = {isa = PBXBuildFile; fileRef = DDE84BB42134F31F00B57A34 /* FevaUITests.swift */; };
/* End PBXBuildFile section */

/* Begin PBXContainerItemProxy section */
		DDE84BA62134F31F00B57A34 /* PBXContainerItemProxy */ = {
			isa = PBXContainerItemProxy;
			containerPortal = DDE84B862134F31E00B57A34 /* Project object */;
			proxyType = 1;
			remoteGlobalIDString = DDE84B8D2134F31E00B57A34;
			remoteInfo = Feva;
		};
		DDE84BB12134F31F00B57A34 /* PBXContainerItemProxy */ = {
			isa = PBXContainerItemProxy;
			containerPortal = DDE84B862134F31E00B57A34 /* Project object */;
			proxyType = 1;
			remoteGlobalIDString = DDE84B8D2134F31E00B57A34;
			remoteInfo = Feva;
		};
/* End PBXContainerItemProxy section */

/* Begin PBXFileReference section */
		0B33DEB58C68EBBC83788AA5 /* Pods-FevaUITests.debug.xcconfig */ = {isa = PBXFileReference; includeInIndex = 1; lastKnownFileType = text.xcconfig; name = "Pods-FevaUITests.debug.xcconfig"; path = "Pods/Target Support Files/Pods-FevaUITests/Pods-FevaUITests.debug.xcconfig"; sourceTree = "<group>"; };
		10B1028327E772C2B21A8614 /* Pods-Feva.release.xcconfig */ = {isa = PBXFileReference; includeInIndex = 1; lastKnownFileType = text.xcconfig; name = "Pods-Feva.release.xcconfig"; path = "Pods/Target Support Files/Pods-Feva/Pods-Feva.release.xcconfig"; sourceTree = "<group>"; };
		1BE8576F19D3B74DF2F4D5AB /* Pods-FevaTests.release.xcconfig */ = {isa = PBXFileReference; includeInIndex = 1; lastKnownFileType = text.xcconfig; name = "Pods-FevaTests.release.xcconfig"; path = "Pods/Target Support Files/Pods-FevaTests/Pods-FevaTests.release.xcconfig"; sourceTree = "<group>"; };
		1DDBA4DDD9363C2F40A936E1 /* Pods_FevaTests.framework */ = {isa = PBXFileReference; explicitFileType = wrapper.framework; includeInIndex = 0; path = Pods_FevaTests.framework; sourceTree = BUILT_PRODUCTS_DIR; };
		1E6D535CF92678CDA2511E90 /* Pods_FevaUITests.framework */ = {isa = PBXFileReference; explicitFileType = wrapper.framework; includeInIndex = 0; path = Pods_FevaUITests.framework; sourceTree = BUILT_PRODUCTS_DIR; };
		328CAE266FFE1237D53EBC31 /* Pods-FevaTests.debug.xcconfig */ = {isa = PBXFileReference; includeInIndex = 1; lastKnownFileType = text.xcconfig; name = "Pods-FevaTests.debug.xcconfig"; path = "Pods/Target Support Files/Pods-FevaTests/Pods-FevaTests.debug.xcconfig"; sourceTree = "<group>"; };
		42EBE3014731AABE09BB6771 /* Pods_Feva.framework */ = {isa = PBXFileReference; explicitFileType = wrapper.framework; includeInIndex = 0; path = Pods_Feva.framework; sourceTree = BUILT_PRODUCTS_DIR; };
		9BA7E5CCBC25CE0154A12DF0 /* Pods-Feva.debug.xcconfig */ = {isa = PBXFileReference; includeInIndex = 1; lastKnownFileType = text.xcconfig; name = "Pods-Feva.debug.xcconfig"; path = "Pods/Target Support Files/Pods-Feva/Pods-Feva.debug.xcconfig"; sourceTree = "<group>"; };
		A414EBEFEA6BC3C094C5920F /* Pods-FevaUITests.release.xcconfig */ = {isa = PBXFileReference; includeInIndex = 1; lastKnownFileType = text.xcconfig; name = "Pods-FevaUITests.release.xcconfig"; path = "Pods/Target Support Files/Pods-FevaUITests/Pods-FevaUITests.release.xcconfig"; sourceTree = "<group>"; };
		DD33A39C21351F98005D9CE5 /* OpenSans-LightItalic.ttf */ = {isa = PBXFileReference; lastKnownFileType = file; path = "OpenSans-LightItalic.ttf"; sourceTree = "<group>"; };
		DD33A39D21351F99005D9CE5 /* OpenSans-Regular.ttf */ = {isa = PBXFileReference; lastKnownFileType = file; path = "OpenSans-Regular.ttf"; sourceTree = "<group>"; };
		DD33A39E21351F99005D9CE5 /* OpenSans-SemiBold.ttf */ = {isa = PBXFileReference; lastKnownFileType = file; path = "OpenSans-SemiBold.ttf"; sourceTree = "<group>"; };
		DD33A39F21351F99005D9CE5 /* OpenSans-SemiBoldItalic.ttf */ = {isa = PBXFileReference; lastKnownFileType = file; path = "OpenSans-SemiBoldItalic.ttf"; sourceTree = "<group>"; };
		DD33A3A021351F9A005D9CE5 /* OpenSans-BoldItalic.ttf */ = {isa = PBXFileReference; lastKnownFileType = file; path = "OpenSans-BoldItalic.ttf"; sourceTree = "<group>"; };
		DD33A3A121351F9A005D9CE5 /* OpenSans-ExtraBold.ttf */ = {isa = PBXFileReference; lastKnownFileType = file; path = "OpenSans-ExtraBold.ttf"; sourceTree = "<group>"; };
		DD33A3A221351F9B005D9CE5 /* OpenSans-Bold.ttf */ = {isa = PBXFileReference; lastKnownFileType = file; path = "OpenSans-Bold.ttf"; sourceTree = "<group>"; };
		DD33A3A321351F9B005D9CE5 /* OpenSans-Italic.ttf */ = {isa = PBXFileReference; lastKnownFileType = file; path = "OpenSans-Italic.ttf"; sourceTree = "<group>"; };
		DD33A3A421351F9C005D9CE5 /* OpenSans-ExtraBoldItalic.ttf */ = {isa = PBXFileReference; lastKnownFileType = file; path = "OpenSans-ExtraBoldItalic.ttf"; sourceTree = "<group>"; };
		DD33A3A521351F9C005D9CE5 /* OpenSans-Light.ttf */ = {isa = PBXFileReference; lastKnownFileType = file; path = "OpenSans-Light.ttf"; sourceTree = "<group>"; };
		DD33A3B12135201F005D9CE5 /* FontNames.swift */ = {isa = PBXFileReference; fileEncoding = 4; lastKnownFileType = sourcecode.swift; path = FontNames.swift; sourceTree = "<group>"; };
		DD33A3B22135201F005D9CE5 /* Colors.swift */ = {isa = PBXFileReference; fileEncoding = 4; lastKnownFileType = sourcecode.swift; path = Colors.swift; sourceTree = "<group>"; };
		DD33A3B32135201F005D9CE5 /* Alerts.swift */ = {isa = PBXFileReference; fileEncoding = 4; lastKnownFileType = sourcecode.swift; path = Alerts.swift; sourceTree = "<group>"; };
		DD33A3B421352020005D9CE5 /* RGB.swift */ = {isa = PBXFileReference; fileEncoding = 4; lastKnownFileType = sourcecode.swift; path = RGB.swift; sourceTree = "<group>"; };
		DD33A3B521352020005D9CE5 /* DarkOverLay.swift */ = {isa = PBXFileReference; fileEncoding = 4; lastKnownFileType = sourcecode.swift; path = DarkOverLay.swift; sourceTree = "<group>"; };
		DD33A3BB21352080005D9CE5 /* EnterCodeViewController.swift */ = {isa = PBXFileReference; fileEncoding = 4; lastKnownFileType = sourcecode.swift; path = EnterCodeViewController.swift; sourceTree = "<group>"; };
		DD33A3BC21352081005D9CE5 /* LogInViewController.swift */ = {isa = PBXFileReference; fileEncoding = 4; lastKnownFileType = sourcecode.swift; path = LogInViewController.swift; sourceTree = "<group>"; };
		DD33A3BD21352081005D9CE5 /* SignUpViewController.swift */ = {isa = PBXFileReference; fileEncoding = 4; lastKnownFileType = sourcecode.swift; path = SignUpViewController.swift; sourceTree = "<group>"; };
		DD33A3BE21352082005D9CE5 /* VerifyPhoneViewController.swift */ = {isa = PBXFileReference; fileEncoding = 4; lastKnownFileType = sourcecode.swift; path = VerifyPhoneViewController.swift; sourceTree = "<group>"; };
		DD33A3C3213520C6005D9CE5 /* OptimizedFont.swift */ = {isa = PBXFileReference; fileEncoding = 4; lastKnownFileType = sourcecode.swift; path = OptimizedFont.swift; sourceTree = "<group>"; };
		DD33A3C5213520E9005D9CE5 /* Extensions.swift */ = {isa = PBXFileReference; fileEncoding = 4; lastKnownFileType = sourcecode.swift; path = Extensions.swift; sourceTree = "<group>"; };
		DD33A3C721352134005D9CE5 /* BaseLabel.swift */ = {isa = PBXFileReference; fileEncoding = 4; lastKnownFileType = sourcecode.swift; path = BaseLabel.swift; sourceTree = "<group>"; };
		DD33A3C821352134005D9CE5 /* BaseUIView.swift */ = {isa = PBXFileReference; fileEncoding = 4; lastKnownFileType = sourcecode.swift; path = BaseUIView.swift; sourceTree = "<group>"; };
		DD33A3C921352135005D9CE5 /* BaseImageView.swift */ = {isa = PBXFileReference; fileEncoding = 4; lastKnownFileType = sourcecode.swift; path = BaseImageView.swift; sourceTree = "<group>"; };
		DD33A3CD21352162005D9CE5 /* CustomAlertsView.swift */ = {isa = PBXFileReference; fileEncoding = 4; lastKnownFileType = sourcecode.swift; path = CustomAlertsView.swift; sourceTree = "<group>"; };
		DD33A3CF21352178005D9CE5 /* CustomTabBarController.swift */ = {isa = PBXFileReference; fileEncoding = 4; lastKnownFileType = sourcecode.swift; path = CustomTabBarController.swift; sourceTree = "<group>"; };
		DD33A3D1213521AA005D9CE5 /* MyConstraints.swift */ = {isa = PBXFileReference; fileEncoding = 4; lastKnownFileType = sourcecode.swift; path = MyConstraints.swift; sourceTree = "<group>"; };
		DDE84B8E2134F31E00B57A34 /* Feva.app */ = {isa = PBXFileReference; explicitFileType = wrapper.application; includeInIndex = 0; path = Feva.app; sourceTree = BUILT_PRODUCTS_DIR; };
		DDE84B912134F31E00B57A34 /* AppDelegate.swift */ = {isa = PBXFileReference; lastKnownFileType = sourcecode.swift; path = AppDelegate.swift; sourceTree = "<group>"; };
		DDE84B992134F31E00B57A34 /* Feva.xcdatamodel */ = {isa = PBXFileReference; lastKnownFileType = wrapper.xcdatamodel; path = Feva.xcdatamodel; sourceTree = "<group>"; };
		DDE84B9B2134F31F00B57A34 /* Assets.xcassets */ = {isa = PBXFileReference; lastKnownFileType = folder.assetcatalog; path = Assets.xcassets; sourceTree = "<group>"; };
		DDE84B9E2134F31F00B57A34 /* Base */ = {isa = PBXFileReference; lastKnownFileType = file.storyboard; name = Base; path = Base.lproj/LaunchScreen.storyboard; sourceTree = "<group>"; };
		DDE84BA02134F31F00B57A34 /* Info.plist */ = {isa = PBXFileReference; lastKnownFileType = text.plist.xml; path = Info.plist; sourceTree = "<group>"; };
		DDE84BA52134F31F00B57A34 /* FevaTests.xctest */ = {isa = PBXFileReference; explicitFileType = wrapper.cfbundle; includeInIndex = 0; path = FevaTests.xctest; sourceTree = BUILT_PRODUCTS_DIR; };
		DDE84BA92134F31F00B57A34 /* FevaTests.swift */ = {isa = PBXFileReference; lastKnownFileType = sourcecode.swift; path = FevaTests.swift; sourceTree = "<group>"; };
		DDE84BAB2134F31F00B57A34 /* Info.plist */ = {isa = PBXFileReference; lastKnownFileType = text.plist.xml; path = Info.plist; sourceTree = "<group>"; };
		DDE84BB02134F31F00B57A34 /* FevaUITests.xctest */ = {isa = PBXFileReference; explicitFileType = wrapper.cfbundle; includeInIndex = 0; path = FevaUITests.xctest; sourceTree = BUILT_PRODUCTS_DIR; };
		DDE84BB42134F31F00B57A34 /* FevaUITests.swift */ = {isa = PBXFileReference; lastKnownFileType = sourcecode.swift; path = FevaUITests.swift; sourceTree = "<group>"; };
		DDE84BB62134F31F00B57A34 /* Info.plist */ = {isa = PBXFileReference; lastKnownFileType = text.plist.xml; path = Info.plist; sourceTree = "<group>"; };
/* End PBXFileReference section */

/* Begin PBXFrameworksBuildPhase section */
		DDE84B8B2134F31E00B57A34 /* Frameworks */ = {
			isa = PBXFrameworksBuildPhase;
			buildActionMask = 2147483647;
			files = (
				9F1A31F1A7FCF5F2F14166B7 /* Pods_Feva.framework in Frameworks */,
			);
			runOnlyForDeploymentPostprocessing = 0;
		};
		DDE84BA22134F31F00B57A34 /* Frameworks */ = {
			isa = PBXFrameworksBuildPhase;
			buildActionMask = 2147483647;
			files = (
				1652C50FAE96E1B7DD4E9FC0 /* Pods_FevaTests.framework in Frameworks */,
			);
			runOnlyForDeploymentPostprocessing = 0;
		};
		DDE84BAD2134F31F00B57A34 /* Frameworks */ = {
			isa = PBXFrameworksBuildPhase;
			buildActionMask = 2147483647;
			files = (
				7CB93BABBF49A08D56104474 /* Pods_FevaUITests.framework in Frameworks */,
			);
			runOnlyForDeploymentPostprocessing = 0;
		};
/* End PBXFrameworksBuildPhase section */

/* Begin PBXGroup section */
		31B7A6A9CE8C6F42B12B6A09 /* Frameworks */ = {
			isa = PBXGroup;
			children = (
				42EBE3014731AABE09BB6771 /* Pods_Feva.framework */,
				1DDBA4DDD9363C2F40A936E1 /* Pods_FevaTests.framework */,
				1E6D535CF92678CDA2511E90 /* Pods_FevaUITests.framework */,
			);
			name = Frameworks;
			sourceTree = "<group>";
		};
		DD33A3B021351FF8005D9CE5 /* Fonts */ = {
			isa = PBXGroup;
			children = (
				DD33A3A221351F9B005D9CE5 /* OpenSans-Bold.ttf */,
				DD33A3A021351F9A005D9CE5 /* OpenSans-BoldItalic.ttf */,
				DD33A3A121351F9A005D9CE5 /* OpenSans-ExtraBold.ttf */,
				DD33A3A421351F9C005D9CE5 /* OpenSans-ExtraBoldItalic.ttf */,
				DD33A3A321351F9B005D9CE5 /* OpenSans-Italic.ttf */,
				DD33A3A521351F9C005D9CE5 /* OpenSans-Light.ttf */,
				DD33A39C21351F98005D9CE5 /* OpenSans-LightItalic.ttf */,
				DD33A39D21351F99005D9CE5 /* OpenSans-Regular.ttf */,
				DD33A39E21351F99005D9CE5 /* OpenSans-SemiBold.ttf */,
				DD33A39F21351F99005D9CE5 /* OpenSans-SemiBoldItalic.ttf */,
			);
			path = Fonts;
			sourceTree = "<group>";
		};
		DDE84B852134F31E00B57A34 = {
			isa = PBXGroup;
			children = (
				DDE84B902134F31E00B57A34 /* Feva */,
				DDE84BA82134F31F00B57A34 /* FevaTests */,
				DDE84BB32134F31F00B57A34 /* FevaUITests */,
				DDE84B8F2134F31E00B57A34 /* Products */,
				F234687A45F34E29F20BE9BD /* Pods */,
				31B7A6A9CE8C6F42B12B6A09 /* Frameworks */,
			);
			sourceTree = "<group>";
		};
		DDE84B8F2134F31E00B57A34 /* Products */ = {
			isa = PBXGroup;
			children = (
				DDE84B8E2134F31E00B57A34 /* Feva.app */,
				DDE84BA52134F31F00B57A34 /* FevaTests.xctest */,
				DDE84BB02134F31F00B57A34 /* FevaUITests.xctest */,
			);
			name = Products;
			sourceTree = "<group>";
		};
		DDE84B902134F31E00B57A34 /* Feva */ = {
			isa = PBXGroup;
			children = (
				DDE84B912134F31E00B57A34 /* AppDelegate.swift */,
				DD33A3C921352135005D9CE5 /* BaseImageView.swift */,
				DD33A3C721352134005D9CE5 /* BaseLabel.swift */,
				DD33A3C821352134005D9CE5 /* BaseUIView.swift */,
				DD33A3BB21352080005D9CE5 /* EnterCodeViewController.swift */,
				DD33A3BC21352081005D9CE5 /* LogInViewController.swift */,
				DD33A3BD21352081005D9CE5 /* SignUpViewController.swift */,
				DD33A3BE21352082005D9CE5 /* VerifyPhoneViewController.swift */,
				DD33A3CF21352178005D9CE5 /* CustomTabBarController.swift */,
				DD33A3B32135201F005D9CE5 /* Alerts.swift */,
				DD33A3B22135201F005D9CE5 /* Colors.swift */,
				DD33A3B521352020005D9CE5 /* DarkOverLay.swift */,
				DD33A3B12135201F005D9CE5 /* FontNames.swift */,
				DD33A3B421352020005D9CE5 /* RGB.swift */,
				DD33A3C3213520C6005D9CE5 /* OptimizedFont.swift */,
				DD33A3C5213520E9005D9CE5 /* Extensions.swift */,
				DD33A3CD21352162005D9CE5 /* CustomAlertsView.swift */,
				DD33A3D1213521AA005D9CE5 /* MyConstraints.swift */,
				DD33A3B021351FF8005D9CE5 /* Fonts */,
				DDE84B9B2134F31F00B57A34 /* Assets.xcassets */,
				DDE84B9D2134F31F00B57A34 /* LaunchScreen.storyboard */,
				DDE84BA02134F31F00B57A34 /* Info.plist */,
				DDE84B982134F31E00B57A34 /* Feva.xcdatamodeld */,
			);
			path = Feva;
			sourceTree = "<group>";
		};
		DDE84BA82134F31F00B57A34 /* FevaTests */ = {
			isa = PBXGroup;
			children = (
				DDE84BA92134F31F00B57A34 /* FevaTests.swift */,
				DDE84BAB2134F31F00B57A34 /* Info.plist */,
			);
			path = FevaTests;
			sourceTree = "<group>";
		};
		DDE84BB32134F31F00B57A34 /* FevaUITests */ = {
			isa = PBXGroup;
			children = (
				DDE84BB42134F31F00B57A34 /* FevaUITests.swift */,
				DDE84BB62134F31F00B57A34 /* Info.plist */,
			);
			path = FevaUITests;
			sourceTree = "<group>";
		};
		F234687A45F34E29F20BE9BD /* Pods */ = {
			isa = PBXGroup;
			children = (
				9BA7E5CCBC25CE0154A12DF0 /* Pods-Feva.debug.xcconfig */,
				10B1028327E772C2B21A8614 /* Pods-Feva.release.xcconfig */,
				328CAE266FFE1237D53EBC31 /* Pods-FevaTests.debug.xcconfig */,
				1BE8576F19D3B74DF2F4D5AB /* Pods-FevaTests.release.xcconfig */,
				0B33DEB58C68EBBC83788AA5 /* Pods-FevaUITests.debug.xcconfig */,
				A414EBEFEA6BC3C094C5920F /* Pods-FevaUITests.release.xcconfig */,
			);
			name = Pods;
			sourceTree = "<group>";
		};
/* End PBXGroup section */

/* Begin PBXNativeTarget section */
		DDE84B8D2134F31E00B57A34 /* Feva */ = {
			isa = PBXNativeTarget;
			buildConfigurationList = DDE84BB92134F31F00B57A34 /* Build configuration list for PBXNativeTarget "Feva" */;
			buildPhases = (
				454F43767C018E20AEFA8DEF /* [CP] Check Pods Manifest.lock */,
				DDE84B8A2134F31E00B57A34 /* Sources */,
				DDE84B8B2134F31E00B57A34 /* Frameworks */,
				DDE84B8C2134F31E00B57A34 /* Resources */,
				701AE708D86BF8B55D80BA10 /* [CP] Embed Pods Frameworks */,
			);
			buildRules = (
			);
			dependencies = (
			);
			name = Feva;
			productName = Feva;
			productReference = DDE84B8E2134F31E00B57A34 /* Feva.app */;
			productType = "com.apple.product-type.application";
		};
		DDE84BA42134F31F00B57A34 /* FevaTests */ = {
			isa = PBXNativeTarget;
			buildConfigurationList = DDE84BBC2134F31F00B57A34 /* Build configuration list for PBXNativeTarget "FevaTests" */;
			buildPhases = (
				B7498A1009ED2F75A38CB738 /* [CP] Check Pods Manifest.lock */,
				DDE84BA12134F31F00B57A34 /* Sources */,
				DDE84BA22134F31F00B57A34 /* Frameworks */,
				DDE84BA32134F31F00B57A34 /* Resources */,
			);
			buildRules = (
			);
			dependencies = (
				DDE84BA72134F31F00B57A34 /* PBXTargetDependency */,
			);
			name = FevaTests;
			productName = FevaTests;
			productReference = DDE84BA52134F31F00B57A34 /* FevaTests.xctest */;
			productType = "com.apple.product-type.bundle.unit-test";
		};
		DDE84BAF2134F31F00B57A34 /* FevaUITests */ = {
			isa = PBXNativeTarget;
			buildConfigurationList = DDE84BBF2134F31F00B57A34 /* Build configuration list for PBXNativeTarget "FevaUITests" */;
			buildPhases = (
				239637717D9329BA5CA3E3A4 /* [CP] Check Pods Manifest.lock */,
				DDE84BAC2134F31F00B57A34 /* Sources */,
				DDE84BAD2134F31F00B57A34 /* Frameworks */,
				DDE84BAE2134F31F00B57A34 /* Resources */,
			);
			buildRules = (
			);
			dependencies = (
				DDE84BB22134F31F00B57A34 /* PBXTargetDependency */,
			);
			name = FevaUITests;
			productName = FevaUITests;
			productReference = DDE84BB02134F31F00B57A34 /* FevaUITests.xctest */;
			productType = "com.apple.product-type.bundle.ui-testing";
		};
/* End PBXNativeTarget section */

/* Begin PBXProject section */
		DDE84B862134F31E00B57A34 /* Project object */ = {
			isa = PBXProject;
			attributes = {
				LastSwiftUpdateCheck = 0940;
				LastUpgradeCheck = 0940;
				ORGANIZATIONNAME = RockzAppStudio;
				TargetAttributes = {
					DDE84B8D2134F31E00B57A34 = {
						CreatedOnToolsVersion = 9.4.1;
					};
					DDE84BA42134F31F00B57A34 = {
						CreatedOnToolsVersion = 9.4.1;
						TestTargetID = DDE84B8D2134F31E00B57A34;
					};
					DDE84BAF2134F31F00B57A34 = {
						CreatedOnToolsVersion = 9.4.1;
						TestTargetID = DDE84B8D2134F31E00B57A34;
					};
				};
			};
			buildConfigurationList = DDE84B892134F31E00B57A34 /* Build configuration list for PBXProject "Feva" */;
			compatibilityVersion = "Xcode 9.3";
			developmentRegion = en;
			hasScannedForEncodings = 0;
			knownRegions = (
				en,
				Base,
			);
			mainGroup = DDE84B852134F31E00B57A34;
			productRefGroup = DDE84B8F2134F31E00B57A34 /* Products */;
			projectDirPath = "";
			projectRoot = "";
			targets = (
				DDE84B8D2134F31E00B57A34 /* Feva */,
				DDE84BA42134F31F00B57A34 /* FevaTests */,
				DDE84BAF2134F31F00B57A34 /* FevaUITests */,
			);
		};
/* End PBXProject section */

/* Begin PBXResourcesBuildPhase section */
		DDE84B8C2134F31E00B57A34 /* Resources */ = {
			isa = PBXResourcesBuildPhase;
			buildActionMask = 2147483647;
			files = (
				DD33A3A921351F9C005D9CE5 /* OpenSans-SemiBoldItalic.ttf in Resources */,
				DDE84B9F2134F31F00B57A34 /* LaunchScreen.storyboard in Resources */,
				DDE84B9C2134F31F00B57A34 /* Assets.xcassets in Resources */,
				DD33A3AD21351F9C005D9CE5 /* OpenSans-Italic.ttf in Resources */,
				DD33A3AB21351F9C005D9CE5 /* OpenSans-ExtraBold.ttf in Resources */,
				DD33A3AA21351F9C005D9CE5 /* OpenSans-BoldItalic.ttf in Resources */,
				DD33A3AF21351F9C005D9CE5 /* OpenSans-Light.ttf in Resources */,
				DD33A3AC21351F9C005D9CE5 /* OpenSans-Bold.ttf in Resources */,
				DD33A3A821351F9C005D9CE5 /* OpenSans-SemiBold.ttf in Resources */,
				DD33A3A721351F9C005D9CE5 /* OpenSans-Regular.ttf in Resources */,
				DD33A3AE21351F9C005D9CE5 /* OpenSans-ExtraBoldItalic.ttf in Resources */,
				DD33A3A621351F9C005D9CE5 /* OpenSans-LightItalic.ttf in Resources */,
			);
			runOnlyForDeploymentPostprocessing = 0;
		};
		DDE84BA32134F31F00B57A34 /* Resources */ = {
			isa = PBXResourcesBuildPhase;
			buildActionMask = 2147483647;
			files = (
			);
			runOnlyForDeploymentPostprocessing = 0;
		};
		DDE84BAE2134F31F00B57A34 /* Resources */ = {
			isa = PBXResourcesBuildPhase;
			buildActionMask = 2147483647;
			files = (
			);
			runOnlyForDeploymentPostprocessing = 0;
		};
/* End PBXResourcesBuildPhase section */

/* Begin PBXShellScriptBuildPhase section */
		239637717D9329BA5CA3E3A4 /* [CP] Check Pods Manifest.lock */ = {
			isa = PBXShellScriptBuildPhase;
			buildActionMask = 2147483647;
			files = (
			);
			inputPaths = (
				"${PODS_PODFILE_DIR_PATH}/Podfile.lock",
				"${PODS_ROOT}/Manifest.lock",
			);
			name = "[CP] Check Pods Manifest.lock";
			outputPaths = (
				"$(DERIVED_FILE_DIR)/Pods-FevaUITests-checkManifestLockResult.txt",
			);
			runOnlyForDeploymentPostprocessing = 0;
			shellPath = /bin/sh;
			shellScript = "diff \"${PODS_PODFILE_DIR_PATH}/Podfile.lock\" \"${PODS_ROOT}/Manifest.lock\" > /dev/null\nif [ $? != 0 ] ; then\n    # print error to STDERR\n    echo \"error: The sandbox is not in sync with the Podfile.lock. Run 'pod install' or update your CocoaPods installation.\" >&2\n    exit 1\nfi\n# This output is used by Xcode 'outputs' to avoid re-running this script phase.\necho \"SUCCESS\" > \"${SCRIPT_OUTPUT_FILE_0}\"\n";
			showEnvVarsInLog = 0;
		};
		454F43767C018E20AEFA8DEF /* [CP] Check Pods Manifest.lock */ = {
			isa = PBXShellScriptBuildPhase;
			buildActionMask = 2147483647;
			files = (
			);
			inputPaths = (
				"${PODS_PODFILE_DIR_PATH}/Podfile.lock",
				"${PODS_ROOT}/Manifest.lock",
			);
			name = "[CP] Check Pods Manifest.lock";
			outputPaths = (
				"$(DERIVED_FILE_DIR)/Pods-Feva-checkManifestLockResult.txt",
			);
			runOnlyForDeploymentPostprocessing = 0;
			shellPath = /bin/sh;
			shellScript = "diff \"${PODS_PODFILE_DIR_PATH}/Podfile.lock\" \"${PODS_ROOT}/Manifest.lock\" > /dev/null\nif [ $? != 0 ] ; then\n    # print error to STDERR\n    echo \"error: The sandbox is not in sync with the Podfile.lock. Run 'pod install' or update your CocoaPods installation.\" >&2\n    exit 1\nfi\n# This output is used by Xcode 'outputs' to avoid re-running this script phase.\necho \"SUCCESS\" > \"${SCRIPT_OUTPUT_FILE_0}\"\n";
			showEnvVarsInLog = 0;
		};
		701AE708D86BF8B55D80BA10 /* [CP] Embed Pods Frameworks */ = {
			isa = PBXShellScriptBuildPhase;
			buildActionMask = 2147483647;
			files = (
			);
			inputPaths = (
				"${SRCROOT}/Pods/Target Support Files/Pods-Feva/Pods-Feva-frameworks.sh",
				"${BUILT_PRODUCTS_DIR}/Alamofire/Alamofire.framework",
				"${BUILT_PRODUCTS_DIR}/Bolts/Bolts.framework",
				"${BUILT_PRODUCTS_DIR}/Kingfisher/Kingfisher.framework",
				"${BUILT_PRODUCTS_DIR}/MJRefresh/MJRefresh.framework",
				"${BUILT_PRODUCTS_DIR}/MarqueeLabel/MarqueeLabel.framework",
				"${BUILT_PRODUCTS_DIR}/Parse/Parse.framework",
				"${BUILT_PRODUCTS_DIR}/SVProgressHUD/SVProgressHUD.framework",
				"${BUILT_PRODUCTS_DIR}/SwiftyJSON/SwiftyJSON.framework",
			);
			name = "[CP] Embed Pods Frameworks";
			outputPaths = (
				"${TARGET_BUILD_DIR}/${FRAMEWORKS_FOLDER_PATH}/Alamofire.framework",
				"${TARGET_BUILD_DIR}/${FRAMEWORKS_FOLDER_PATH}/Bolts.framework",
				"${TARGET_BUILD_DIR}/${FRAMEWORKS_FOLDER_PATH}/Kingfisher.framework",
				"${TARGET_BUILD_DIR}/${FRAMEWORKS_FOLDER_PATH}/MJRefresh.framework",
				"${TARGET_BUILD_DIR}/${FRAMEWORKS_FOLDER_PATH}/MarqueeLabel.framework",
				"${TARGET_BUILD_DIR}/${FRAMEWORKS_FOLDER_PATH}/Parse.framework",
				"${TARGET_BUILD_DIR}/${FRAMEWORKS_FOLDER_PATH}/SVProgressHUD.framework",
				"${TARGET_BUILD_DIR}/${FRAMEWORKS_FOLDER_PATH}/SwiftyJSON.framework",
			);
			runOnlyForDeploymentPostprocessing = 0;
			shellPath = /bin/sh;
			shellScript = "\"${SRCROOT}/Pods/Target Support Files/Pods-Feva/Pods-Feva-frameworks.sh\"\n";
			showEnvVarsInLog = 0;
		};
		B7498A1009ED2F75A38CB738 /* [CP] Check Pods Manifest.lock */ = {
			isa = PBXShellScriptBuildPhase;
			buildActionMask = 2147483647;
			files = (
			);
			inputPaths = (
				"${PODS_PODFILE_DIR_PATH}/Podfile.lock",
				"${PODS_ROOT}/Manifest.lock",
			);
			name = "[CP] Check Pods Manifest.lock";
			outputPaths = (
				"$(DERIVED_FILE_DIR)/Pods-FevaTests-checkManifestLockResult.txt",
			);
			runOnlyForDeploymentPostprocessing = 0;
			shellPath = /bin/sh;
			shellScript = "diff \"${PODS_PODFILE_DIR_PATH}/Podfile.lock\" \"${PODS_ROOT}/Manifest.lock\" > /dev/null\nif [ $? != 0 ] ; then\n    # print error to STDERR\n    echo \"error: The sandbox is not in sync with the Podfile.lock. Run 'pod install' or update your CocoaPods installation.\" >&2\n    exit 1\nfi\n# This output is used by Xcode 'outputs' to avoid re-running this script phase.\necho \"SUCCESS\" > \"${SCRIPT_OUTPUT_FILE_0}\"\n";
			showEnvVarsInLog = 0;
		};
/* End PBXShellScriptBuildPhase section */

/* Begin PBXSourcesBuildPhase section */
		DDE84B8A2134F31E00B57A34 /* Sources */ = {
			isa = PBXSourcesBuildPhase;
			buildActionMask = 2147483647;
			files = (
				DD33A3C121352082005D9CE5 /* SignUpViewController.swift in Sources */,
				DD33A3CA21352135005D9CE5 /* BaseLabel.swift in Sources */,
				DD33A3BA21352020005D9CE5 /* DarkOverLay.swift in Sources */,
				DD33A3D2213521AA005D9CE5 /* MyConstraints.swift in Sources */,
				DDE84B9A2134F31E00B57A34 /* Feva.xcdatamodeld in Sources */,
				DD33A3CE21352162005D9CE5 /* CustomAlertsView.swift in Sources */,
				DD33A3B721352020005D9CE5 /* Colors.swift in Sources */,
				DD33A3CB21352135005D9CE5 /* BaseUIView.swift in Sources */,
				DD33A3C221352082005D9CE5 /* VerifyPhoneViewController.swift in Sources */,
				DD33A3D021352178005D9CE5 /* CustomTabBarController.swift in Sources */,
				DD33A3CC21352135005D9CE5 /* BaseImageView.swift in Sources */,
				DD33A3BF21352082005D9CE5 /* EnterCodeViewController.swift in Sources */,
				DD33A3B621352020005D9CE5 /* FontNames.swift in Sources */,
				DD33A3B921352020005D9CE5 /* RGB.swift in Sources */,
				DD33A3C6213520E9005D9CE5 /* Extensions.swift in Sources */,
				DD33A3B821352020005D9CE5 /* Alerts.swift in Sources */,
				DD33A3C021352082005D9CE5 /* LogInViewController.swift in Sources */,
				DD33A3C4213520C6005D9CE5 /* OptimizedFont.swift in Sources */,
				DDE84B922134F31E00B57A34 /* AppDelegate.swift in Sources */,
			);
			runOnlyForDeploymentPostprocessing = 0;
		};
		DDE84BA12134F31F00B57A34 /* Sources */ = {
			isa = PBXSourcesBuildPhase;
			buildActionMask = 2147483647;
			files = (
				DDE84BAA2134F31F00B57A34 /* FevaTests.swift in Sources */,
			);
			runOnlyForDeploymentPostprocessing = 0;
		};
		DDE84BAC2134F31F00B57A34 /* Sources */ = {
			isa = PBXSourcesBuildPhase;
			buildActionMask = 2147483647;
			files = (
				DDE84BB52134F31F00B57A34 /* FevaUITests.swift in Sources */,
			);
			runOnlyForDeploymentPostprocessing = 0;
		};
/* End PBXSourcesBuildPhase section */

/* Begin PBXTargetDependency section */
		DDE84BA72134F31F00B57A34 /* PBXTargetDependency */ = {
			isa = PBXTargetDependency;
			target = DDE84B8D2134F31E00B57A34 /* Feva */;
			targetProxy = DDE84BA62134F31F00B57A34 /* PBXContainerItemProxy */;
		};
		DDE84BB22134F31F00B57A34 /* PBXTargetDependency */ = {
			isa = PBXTargetDependency;
			target = DDE84B8D2134F31E00B57A34 /* Feva */;
			targetProxy = DDE84BB12134F31F00B57A34 /* PBXContainerItemProxy */;
		};
/* End PBXTargetDependency section */

/* Begin PBXVariantGroup section */
		DDE84B9D2134F31F00B57A34 /* LaunchScreen.storyboard */ = {
			isa = PBXVariantGroup;
			children = (
				DDE84B9E2134F31F00B57A34 /* Base */,
			);
			name = LaunchScreen.storyboard;
			sourceTree = "<group>";
		};
/* End PBXVariantGroup section */

/* Begin XCBuildConfiguration section */
		DDE84BB72134F31F00B57A34 /* Debug */ = {
			isa = XCBuildConfiguration;
			buildSettings = {
				ALWAYS_SEARCH_USER_PATHS = NO;
				CLANG_ANALYZER_NONNULL = YES;
				CLANG_ANALYZER_NUMBER_OBJECT_CONVERSION = YES_AGGRESSIVE;
				CLANG_CXX_LANGUAGE_STANDARD = "gnu++14";
				CLANG_CXX_LIBRARY = "libc++";
				CLANG_ENABLE_MODULES = YES;
				CLANG_ENABLE_OBJC_ARC = YES;
				CLANG_ENABLE_OBJC_WEAK = YES;
				CLANG_WARN_BLOCK_CAPTURE_AUTORELEASING = YES;
				CLANG_WARN_BOOL_CONVERSION = YES;
				CLANG_WARN_COMMA = YES;
				CLANG_WARN_CONSTANT_CONVERSION = YES;
				CLANG_WARN_DEPRECATED_OBJC_IMPLEMENTATIONS = YES;
				CLANG_WARN_DIRECT_OBJC_ISA_USAGE = YES_ERROR;
				CLANG_WARN_DOCUMENTATION_COMMENTS = YES;
				CLANG_WARN_EMPTY_BODY = YES;
				CLANG_WARN_ENUM_CONVERSION = YES;
				CLANG_WARN_INFINITE_RECURSION = YES;
				CLANG_WARN_INT_CONVERSION = YES;
				CLANG_WARN_NON_LITERAL_NULL_CONVERSION = YES;
				CLANG_WARN_OBJC_IMPLICIT_RETAIN_SELF = YES;
				CLANG_WARN_OBJC_LITERAL_CONVERSION = YES;
				CLANG_WARN_OBJC_ROOT_CLASS = YES_ERROR;
				CLANG_WARN_RANGE_LOOP_ANALYSIS = YES;
				CLANG_WARN_STRICT_PROTOTYPES = YES;
				CLANG_WARN_SUSPICIOUS_MOVE = YES;
				CLANG_WARN_UNGUARDED_AVAILABILITY = YES_AGGRESSIVE;
				CLANG_WARN_UNREACHABLE_CODE = YES;
				CLANG_WARN__DUPLICATE_METHOD_MATCH = YES;
				CODE_SIGN_IDENTITY = "iPhone Developer";
				COPY_PHASE_STRIP = NO;
				DEBUG_INFORMATION_FORMAT = dwarf;
				ENABLE_STRICT_OBJC_MSGSEND = YES;
				ENABLE_TESTABILITY = YES;
				GCC_C_LANGUAGE_STANDARD = gnu11;
				GCC_DYNAMIC_NO_PIC = NO;
				GCC_NO_COMMON_BLOCKS = YES;
				GCC_OPTIMIZATION_LEVEL = 0;
				GCC_PREPROCESSOR_DEFINITIONS = (
					"DEBUG=1",
					"$(inherited)",
				);
				GCC_WARN_64_TO_32_BIT_CONVERSION = YES;
				GCC_WARN_ABOUT_RETURN_TYPE = YES_ERROR;
				GCC_WARN_UNDECLARED_SELECTOR = YES;
				GCC_WARN_UNINITIALIZED_AUTOS = YES_AGGRESSIVE;
				GCC_WARN_UNUSED_FUNCTION = YES;
				GCC_WARN_UNUSED_VARIABLE = YES;
				IPHONEOS_DEPLOYMENT_TARGET = 11.4;
				MTL_ENABLE_DEBUG_INFO = YES;
				ONLY_ACTIVE_ARCH = YES;
				SDKROOT = iphoneos;
				SWIFT_ACTIVE_COMPILATION_CONDITIONS = DEBUG;
				SWIFT_OPTIMIZATION_LEVEL = "-Onone";
			};
			name = Debug;
		};
		DDE84BB82134F31F00B57A34 /* Release */ = {
			isa = XCBuildConfiguration;
			buildSettings = {
				ALWAYS_SEARCH_USER_PATHS = NO;
				CLANG_ANALYZER_NONNULL = YES;
				CLANG_ANALYZER_NUMBER_OBJECT_CONVERSION = YES_AGGRESSIVE;
				CLANG_CXX_LANGUAGE_STANDARD = "gnu++14";
				CLANG_CXX_LIBRARY = "libc++";
				CLANG_ENABLE_MODULES = YES;
				CLANG_ENABLE_OBJC_ARC = YES;
				CLANG_ENABLE_OBJC_WEAK = YES;
				CLANG_WARN_BLOCK_CAPTURE_AUTORELEASING = YES;
				CLANG_WARN_BOOL_CONVERSION = YES;
				CLANG_WARN_COMMA = YES;
				CLANG_WARN_CONSTANT_CONVERSION = YES;
				CLANG_WARN_DEPRECATED_OBJC_IMPLEMENTATIONS = YES;
				CLANG_WARN_DIRECT_OBJC_ISA_USAGE = YES_ERROR;
				CLANG_WARN_DOCUMENTATION_COMMENTS = YES;
				CLANG_WARN_EMPTY_BODY = YES;
				CLANG_WARN_ENUM_CONVERSION = YES;
				CLANG_WARN_INFINITE_RECURSION = YES;
				CLANG_WARN_INT_CONVERSION = YES;
				CLANG_WARN_NON_LITERAL_NULL_CONVERSION = YES;
				CLANG_WARN_OBJC_IMPLICIT_RETAIN_SELF = YES;
				CLANG_WARN_OBJC_LITERAL_CONVERSION = YES;
				CLANG_WARN_OBJC_ROOT_CLASS = YES_ERROR;
				CLANG_WARN_RANGE_LOOP_ANALYSIS = YES;
				CLANG_WARN_STRICT_PROTOTYPES = YES;
				CLANG_WARN_SUSPICIOUS_MOVE = YES;
				CLANG_WARN_UNGUARDED_AVAILABILITY = YES_AGGRESSIVE;
				CLANG_WARN_UNREACHABLE_CODE = YES;
				CLANG_WARN__DUPLICATE_METHOD_MATCH = YES;
				CODE_SIGN_IDENTITY = "iPhone Developer";
				COPY_PHASE_STRIP = NO;
				DEBUG_INFORMATION_FORMAT = "dwarf-with-dsym";
				ENABLE_NS_ASSERTIONS = NO;
				ENABLE_STRICT_OBJC_MSGSEND = YES;
				GCC_C_LANGUAGE_STANDARD = gnu11;
				GCC_NO_COMMON_BLOCKS = YES;
				GCC_WARN_64_TO_32_BIT_CONVERSION = YES;
				GCC_WARN_ABOUT_RETURN_TYPE = YES_ERROR;
				GCC_WARN_UNDECLARED_SELECTOR = YES;
				GCC_WARN_UNINITIALIZED_AUTOS = YES_AGGRESSIVE;
				GCC_WARN_UNUSED_FUNCTION = YES;
				GCC_WARN_UNUSED_VARIABLE = YES;
				IPHONEOS_DEPLOYMENT_TARGET = 11.4;
				MTL_ENABLE_DEBUG_INFO = NO;
				SDKROOT = iphoneos;
				SWIFT_COMPILATION_MODE = wholemodule;
				SWIFT_OPTIMIZATION_LEVEL = "-O";
				VALIDATE_PRODUCT = YES;
			};
			name = Release;
		};
		DDE84BBA2134F31F00B57A34 /* Debug */ = {
			isa = XCBuildConfiguration;
			baseConfigurationReference = 9BA7E5CCBC25CE0154A12DF0 /* Pods-Feva.debug.xcconfig */;
			buildSettings = {
				ASSETCATALOG_COMPILER_APPICON_NAME = AppIcon;
				CODE_SIGN_STYLE = Automatic;
				DEVELOPMENT_TEAM = 3V56TFD2QD;
				INFOPLIST_FILE = Feva/Info.plist;
				LD_RUNPATH_SEARCH_PATHS = (
					"$(inherited)",
					"@executable_path/Frameworks",
				);
				PRODUCT_BUNDLE_IDENTIFIER = com.RockzAppStudio.Feva;
				PRODUCT_NAME = "$(TARGET_NAME)";
				SWIFT_VERSION = 4.0;
				TARGETED_DEVICE_FAMILY = "1,2";
			};
			name = Debug;
		};
		DDE84BBB2134F31F00B57A34 /* Release */ = {
			isa = XCBuildConfiguration;
			baseConfigurationReference = 10B1028327E772C2B21A8614 /* Pods-Feva.release.xcconfig */;
			buildSettings = {
				ASSETCATALOG_COMPILER_APPICON_NAME = AppIcon;
				CODE_SIGN_STYLE = Automatic;
				DEVELOPMENT_TEAM = 3V56TFD2QD;
				INFOPLIST_FILE = Feva/Info.plist;
				LD_RUNPATH_SEARCH_PATHS = (
					"$(inherited)",
					"@executable_path/Frameworks",
				);
				PRODUCT_BUNDLE_IDENTIFIER = com.RockzAppStudio.Feva;
				PRODUCT_NAME = "$(TARGET_NAME)";
				SWIFT_VERSION = 4.0;
				TARGETED_DEVICE_FAMILY = "1,2";
			};
			name = Release;
		};
		DDE84BBD2134F31F00B57A34 /* Debug */ = {
			isa = XCBuildConfiguration;
			baseConfigurationReference = 328CAE266FFE1237D53EBC31 /* Pods-FevaTests.debug.xcconfig */;
			buildSettings = {
				ALWAYS_EMBED_SWIFT_STANDARD_LIBRARIES = YES;
				BUNDLE_LOADER = "$(TEST_HOST)";
				CODE_SIGN_STYLE = Automatic;
				DEVELOPMENT_TEAM = 3V56TFD2QD;
				INFOPLIST_FILE = FevaTests/Info.plist;
				LD_RUNPATH_SEARCH_PATHS = (
					"$(inherited)",
					"@executable_path/Frameworks",
					"@loader_path/Frameworks",
				);
				PRODUCT_BUNDLE_IDENTIFIER = com.RockzAppStudio.FevaTests;
				PRODUCT_NAME = "$(TARGET_NAME)";
				SWIFT_VERSION = 4.0;
				TARGETED_DEVICE_FAMILY = "1,2";
				TEST_HOST = "$(BUILT_PRODUCTS_DIR)/Feva.app/Feva";
			};
			name = Debug;
		};
		DDE84BBE2134F31F00B57A34 /* Release */ = {
			isa = XCBuildConfiguration;
			baseConfigurationReference = 1BE8576F19D3B74DF2F4D5AB /* Pods-FevaTests.release.xcconfig */;
			buildSettings = {
				ALWAYS_EMBED_SWIFT_STANDARD_LIBRARIES = YES;
				BUNDLE_LOADER = "$(TEST_HOST)";
				CODE_SIGN_STYLE = Automatic;
				DEVELOPMENT_TEAM = 3V56TFD2QD;
				INFOPLIST_FILE = FevaTests/Info.plist;
				LD_RUNPATH_SEARCH_PATHS = (
					"$(inherited)",
					"@executable_path/Frameworks",
					"@loader_path/Frameworks",
				);
				PRODUCT_BUNDLE_IDENTIFIER = com.RockzAppStudio.FevaTests;
				PRODUCT_NAME = "$(TARGET_NAME)";
				SWIFT_VERSION = 4.0;
				TARGETED_DEVICE_FAMILY = "1,2";
				TEST_HOST = "$(BUILT_PRODUCTS_DIR)/Feva.app/Feva";
			};
			name = Release;
		};
		DDE84BC02134F31F00B57A34 /* Debug */ = {
			isa = XCBuildConfiguration;
			baseConfigurationReference = 0B33DEB58C68EBBC83788AA5 /* Pods-FevaUITests.debug.xcconfig */;
			buildSettings = {
				ALWAYS_EMBED_SWIFT_STANDARD_LIBRARIES = YES;
				CODE_SIGN_STYLE = Automatic;
				DEVELOPMENT_TEAM = 3V56TFD2QD;
				INFOPLIST_FILE = FevaUITests/Info.plist;
				LD_RUNPATH_SEARCH_PATHS = (
					"$(inherited)",
					"@executable_path/Frameworks",
					"@loader_path/Frameworks",
				);
				PRODUCT_BUNDLE_IDENTIFIER = com.RockzAppStudio.FevaUITests;
				PRODUCT_NAME = "$(TARGET_NAME)";
				SWIFT_VERSION = 4.0;
				TARGETED_DEVICE_FAMILY = "1,2";
				TEST_TARGET_NAME = Feva;
			};
			name = Debug;
		};
		DDE84BC12134F31F00B57A34 /* Release */ = {
			isa = XCBuildConfiguration;
			baseConfigurationReference = A414EBEFEA6BC3C094C5920F /* Pods-FevaUITests.release.xcconfig */;
			buildSettings = {
				ALWAYS_EMBED_SWIFT_STANDARD_LIBRARIES = YES;
				CODE_SIGN_STYLE = Automatic;
				DEVELOPMENT_TEAM = 3V56TFD2QD;
				INFOPLIST_FILE = FevaUITests/Info.plist;
				LD_RUNPATH_SEARCH_PATHS = (
					"$(inherited)",
					"@executable_path/Frameworks",
					"@loader_path/Frameworks",
				);
				PRODUCT_BUNDLE_IDENTIFIER = com.RockzAppStudio.FevaUITests;
				PRODUCT_NAME = "$(TARGET_NAME)";
				SWIFT_VERSION = 4.0;
				TARGETED_DEVICE_FAMILY = "1,2";
				TEST_TARGET_NAME = Feva;
			};
			name = Release;
		};
/* End XCBuildConfiguration section */

/* Begin XCConfigurationList section */
		DDE84B892134F31E00B57A34 /* Build configuration list for PBXProject "Feva" */ = {
			isa = XCConfigurationList;
			buildConfigurations = (
				DDE84BB72134F31F00B57A34 /* Debug */,
				DDE84BB82134F31F00B57A34 /* Release */,
			);
			defaultConfigurationIsVisible = 0;
			defaultConfigurationName = Release;
		};
		DDE84BB92134F31F00B57A34 /* Build configuration list for PBXNativeTarget "Feva" */ = {
			isa = XCConfigurationList;
			buildConfigurations = (
				DDE84BBA2134F31F00B57A34 /* Debug */,
				DDE84BBB2134F31F00B57A34 /* Release */,
			);
			defaultConfigurationIsVisible = 0;
			defaultConfigurationName = Release;
		};
		DDE84BBC2134F31F00B57A34 /* Build configuration list for PBXNativeTarget "FevaTests" */ = {
			isa = XCConfigurationList;
			buildConfigurations = (
				DDE84BBD2134F31F00B57A34 /* Debug */,
				DDE84BBE2134F31F00B57A34 /* Release */,
			);
			defaultConfigurationIsVisible = 0;
			defaultConfigurationName = Release;
		};
		DDE84BBF2134F31F00B57A34 /* Build configuration list for PBXNativeTarget "FevaUITests" */ = {
			isa = XCConfigurationList;
			buildConfigurations = (
				DDE84BC02134F31F00B57A34 /* Debug */,
				DDE84BC12134F31F00B57A34 /* Release */,
			);
			defaultConfigurationIsVisible = 0;
			defaultConfigurationName = Release;
		};
/* End XCConfigurationList section */

/* Begin XCVersionGroup section */
		DDE84B982134F31E00B57A34 /* Feva.xcdatamodeld */ = {
			isa = XCVersionGroup;
			children = (
				DDE84B992134F31E00B57A34 /* Feva.xcdatamodel */,
			);
			currentVersion = DDE84B992134F31E00B57A34 /* Feva.xcdatamodel */;
			path = Feva.xcdatamodeld;
			sourceTree = "<group>";
			versionGroupType = wrapper.xcdatamodel;
		};
/* End XCVersionGroup section */
	};
	rootObject = DDE84B862134F31E00B57A34 /* Project object */;
}
